
Microsoft Visual Studio Solution File, Format Version 12.00
# Visual Studio Version 16
VisualStudioVersion = 16.0.30413.136
MinimumVisualStudioVersion = 10.0.40219.1
Project("{FAE04EC0-301F-11D3-BF4B-00C04F79EFBC}") = "DesktopHide", "DesktopHide.csproj", "{606F0C08-B6F3-4CC9-BBCB-96FE0D4E109B}"
EndProject
Global
	GlobalSection(SolutionConfigurationPlatforms) = preSolution
		Debug|Any CPU = Debug|Any CPU
		Debug|x64 = Debug|x64
		Debug|x86 = Debug|x86
		Release|Any CPU = Release|Any CPU
		Release|x64 = Release|x64
		Release|x86 = Release|x86
	EndGlobalSection
	GlobalSection(ProjectConfigurationPlatforms) = postSolution
		{606F0C08-B6F3-4CC9-BBCB-96FE0D4E109B}.Debug|Any CPU.ActiveCfg = Debug|Any CPU
		{606F0C08-B6F3-4CC9-BBCB-96FE0D4E109B}.Debug|Any CPU.Build.0 = Debug|Any CPU
		{606F0C08-B6F3-4CC9-BBCB-96FE0D4E109B}.Debug|x64.ActiveCfg = Debug|x64
		{606F0C08-B6F3-4CC9-BBCB-96FE0D4E109B}.Debug|x64.Build.0 = Debug|x64
		{606F0C08-B6F3-4CC9-BBCB-96FE0D4E109B}.Debug|x86.ActiveCfg = Debug|x86
		{606F0C08-B6F3-4CC9-BBCB-96FE0D4E109B}.Debug|x86.Build.0 = Debug|x86
		{606F0C08-B6F3-4CC9-BBCB-96FE0D4E109B}.Release|Any CPU.ActiveCfg = Release|Any CPU
		{606F0C08-B6F3-4CC9-BBCB-96FE0D4E109B}.Release|Any CPU.Build.0 = Release|Any CPU
		{606F0C08-B6F3-4CC9-BBCB-96FE0D4E109B}.Release|x64.ActiveCfg = Release|x64
		{606F0C08-B6F3-4CC9-BBCB-96FE0D4E109B}.Release|x64.Build.0 = Release|x64
		{606F0C08-B6F3-4CC9-BBCB-96FE0D4E109B}.Release|x86.ActiveCfg = Release|x86
		{606F0C08-B6F3-4CC9-BBCB-96FE0D4E109B}.Release|x86.Build.0 = Release|x86
	EndGlobalSection
	GlobalSection(SolutionProperties) = preSolution
		HideSolutionNode = FALSE
	EndGlobalSection
	GlobalSection(ExtensibilityGlobals) = postSolution
		SolutionGuid = {47EF93B6-EDDF-44B7-96A0-62EB00A70DA6}
	EndGlobalSection
EndGlobal
